// !$*UTF8*$!
{
	archiveVersion = 1;
	classes = {
	};
	objectVersion = 46;
	objects = {

/* Begin PBXAggregateTarget section */
		45B6B023C78B4375A8E8CAF0 /* ZERO_CHECK */ = {
			isa = PBXAggregateTarget;
			buildConfigurationList = 2BFDDD4FE06F47C0BB09F54C /* Build configuration list for PBXAggregateTarget "ZERO_CHECK" */;
			buildPhases = (
				EB907583B372556A52AED1A5 /* Generate CMakeFiles/ZERO_CHECK */,
			);
			dependencies = (
			);
			name = ZERO_CHECK;
			productName = ZERO_CHECK;
		};
		5760EF73859C4E99A0718710 /* ALL_BUILD */ = {
			isa = PBXAggregateTarget;
			buildConfigurationList = 85A38DC6C1A148789D7289BA /* Build configuration list for PBXAggregateTarget "ALL_BUILD" */;
			buildPhases = (
				400FE65FDF21BFF7A5EFDACB /* Generate CMakeFiles/ALL_BUILD */,
			);
			dependencies = (
				682D10E15D1140A99FEC0268 /* PBXTargetDependency */,
				047B4C07B2714A0E97C5F4C2 /* PBXTargetDependency */,
			);
			name = ALL_BUILD;
			productName = ALL_BUILD;
		};
/* End PBXAggregateTarget section */

/* Begin PBXBuildFile section */
		6380250388AD47478F1A1A2C /* /Users/mucbuc/work/wgui/test/lib/oxygen/test/lib/oxygen/src/oxygen.hpp */ = {isa = PBXBuildFile; fileRef = EAE5501D943745A3A45BAF06 /* /Users/mucbuc/work/wgui/test/lib/oxygen/test/lib/oxygen/src/oxygen.hpp */; };
		91004CD05DD140FDAF80DA60 /* /Users/mucbuc/work/wgui/test/lib/oxygen/test/lib/oxygen/CMakeLists.txt */ = {isa = PBXBuildFile; fileRef = 1008EE9C93CC46B48C690663 /* /Users/mucbuc/work/wgui/test/lib/oxygen/test/lib/oxygen/CMakeLists.txt */; };
		F5404A9C3A494ED38E177DC8 /* /Users/mucbuc/work/wgui/test/lib/oxygen/test/lib/oxygen/src/oxygen.cpp */ = {isa = PBXBuildFile; fileRef = CD565704C81340DBA0D782F1 /* /Users/mucbuc/work/wgui/test/lib/oxygen/test/lib/oxygen/src/oxygen.cpp */; };
/* End PBXBuildFile section */

/* Begin PBXBuildStyle section */
		313FA8DDCBAE4D5BAD699303 /* Debug */ = {
			isa = PBXBuildStyle;
			buildSettings = {
				COPY_PHASE_STRIP = NO;
			};
			name = Debug;
		};
		3C55E63915F3432991C7EB4E /* MinSizeRel */ = {
			isa = PBXBuildStyle;
			buildSettings = {
				COPY_PHASE_STRIP = NO;
			};
			name = MinSizeRel;
		};
		BC5A2AD537BF41BB8296F462 /* Release */ = {
			isa = PBXBuildStyle;
			buildSettings = {
				COPY_PHASE_STRIP = NO;
			};
			name = Release;
		};
		CBD654939818447DA56A12A6 /* RelWithDebInfo */ = {
			isa = PBXBuildStyle;
			buildSettings = {
				COPY_PHASE_STRIP = NO;
			};
			name = RelWithDebInfo;
		};
/* End PBXBuildStyle section */

/* Begin PBXContainerItemProxy section */
		42CB29DF52994F93BE791649 /* PBXContainerItemProxy */ = {
			isa = PBXContainerItemProxy;
			containerPortal = 56438F2C38D4445BA0AE4484 /* Project object */;
			proxyType = 1;
			remoteGlobalIDString = 45B6B023C78B4375A8E8CAF0;
			remoteInfo = ZERO_CHECK;
		};
		71104444702C4BC4B7970BC5 /* PBXContainerItemProxy */ = {
			isa = PBXContainerItemProxy;
			containerPortal = 56438F2C38D4445BA0AE4484 /* Project object */;
			proxyType = 1;
			remoteGlobalIDString = 45B6B023C78B4375A8E8CAF0;
			remoteInfo = ZERO_CHECK;
		};
		7987BC790B5943A197078830 /* PBXContainerItemProxy */ = {
			isa = PBXContainerItemProxy;
			containerPortal = 56438F2C38D4445BA0AE4484 /* Project object */;
			proxyType = 1;
			remoteGlobalIDString = CB845E66556642818D29D16F;
			remoteInfo = oxygen;
		};
/* End PBXContainerItemProxy section */

/* Begin PBXFileReference section */
		1008EE9C93CC46B48C690663 /* /Users/mucbuc/work/wgui/test/lib/oxygen/test/lib/oxygen/CMakeLists.txt */ = {isa = PBXFileReference; explicitFileType = sourcecode.text; fileEncoding = 4; name = CMakeLists.txt; path = CMakeLists.txt; sourceTree = SOURCE_ROOT; };
		103CEDF73D004F7A9419A259 /* oxygen */ = {isa = PBXFileReference; explicitFileType = archive.ar; path = liboxygen.a; sourceTree = BUILT_PRODUCTS_DIR; };
		2304E7A62BC84FB8855222C2 /* /Users/mucbuc/work/wgui/test/lib/oxygen/test/lib/oxygen/CMakeLists.txt */ = {isa = PBXFileReference; explicitFileType = sourcecode.text; fileEncoding = 4; name = CMakeLists.txt; path = CMakeLists.txt; sourceTree = SOURCE_ROOT; };
		CD565704C81340DBA0D782F1 /* /Users/mucbuc/work/wgui/test/lib/oxygen/test/lib/oxygen/src/oxygen.cpp */ = {isa = PBXFileReference; explicitFileType = sourcecode.cpp.cpp; fileEncoding = 4; name = oxygen.cpp; path = src/oxygen.cpp; sourceTree = SOURCE_ROOT; };
		EAE5501D943745A3A45BAF06 /* /Users/mucbuc/work/wgui/test/lib/oxygen/test/lib/oxygen/src/oxygen.hpp */ = {isa = PBXFileReference; explicitFileType = sourcecode.cpp.h; fileEncoding = 4; name = oxygen.hpp; path = src/oxygen.hpp; sourceTree = SOURCE_ROOT; };
/* End PBXFileReference section */

/* Begin PBXFrameworksBuildPhase section */
		87550156135F45E481CD0002 /* Frameworks */ = {
			isa = PBXFrameworksBuildPhase;
			buildActionMask = 2147483647;
			files = (
			);
			runOnlyForDeploymentPostprocessing = 0;
		};
/* End PBXFrameworksBuildPhase section */

/* Begin PBXGroup section */
		05ABE1DCE58E4E9895098D96 /* Frameworks */ = {
			isa = PBXGroup;
			children = (
			);
			name = Frameworks;
			sourceTree = "<group>";
		};
		501E89ED1E874574861FBAEA /* ALL_BUILD */ = {
			isa = PBXGroup;
			children = (
				E1CE3EEDF8ED4C78B56F6BF0 /* CMake Rules */,
				2304E7A62BC84FB8855222C2 /* /Users/mucbuc/work/wgui/test/lib/oxygen/test/lib/oxygen/CMakeLists.txt */,
			);
			name = ALL_BUILD;
			sourceTree = "<group>";
		};
		52B95BD1FD774A46883448F8 /* Products */ = {
			isa = PBXGroup;
			children = (
				103CEDF73D004F7A9419A259 /* oxygen */,
			);
			name = Products;
			sourceTree = "<group>";
		};
		54EB3151F8B147A781E4A3CC /* Header Files */ = {
			isa = PBXGroup;
			children = (
				EAE5501D943745A3A45BAF06 /* /Users/mucbuc/work/wgui/test/lib/oxygen/test/lib/oxygen/src/oxygen.hpp */,
			);
			name = "Header Files";
			sourceTree = "<group>";
		};
		AC18518C6BE147BBB3D2FB90 = {
			isa = PBXGroup;
			children = (
				F1D5BAE181FD4F78919FDE26 /* oxygen */,
				501E89ED1E874574861FBAEA /* ALL_BUILD */,
				52B95BD1FD774A46883448F8 /* Products */,
				05ABE1DCE58E4E9895098D96 /* Frameworks */,
			);
			sourceTree = "<group>";
		};
		E1CE3EEDF8ED4C78B56F6BF0 /* CMake Rules */ = {
			isa = PBXGroup;
			children = (
			);
			name = "CMake Rules";
			sourceTree = "<group>";
		};
		F1D5BAE181FD4F78919FDE26 /* oxygen */ = {
			isa = PBXGroup;
			children = (
				54EB3151F8B147A781E4A3CC /* Header Files */,
				F2492713132A42049485394E /* Source Files */,
				1008EE9C93CC46B48C690663 /* /Users/mucbuc/work/wgui/test/lib/oxygen/test/lib/oxygen/CMakeLists.txt */,
			);
			name = oxygen;
			sourceTree = "<group>";
		};
		F2492713132A42049485394E /* Source Files */ = {
			isa = PBXGroup;
			children = (
				CD565704C81340DBA0D782F1 /* /Users/mucbuc/work/wgui/test/lib/oxygen/test/lib/oxygen/src/oxygen.cpp */,
			);
			name = "Source Files";
			sourceTree = "<group>";
		};
/* End PBXGroup section */

/* Begin PBXNativeTarget section */
		CB845E66556642818D29D16F /* oxygen */ = {
			isa = PBXNativeTarget;
			buildConfigurationList = 91A0D988ED2E43D2A480D019 /* Build configuration list for PBXNativeTarget "oxygen" */;
			buildPhases = (
				B9E792F0E11D4286AC8971CC /* Sources */,
				87550156135F45E481CD0002 /* Frameworks */,
			);
			buildRules = (
			);
			dependencies = (
				F8C43A9215B64349A719532C /* PBXTargetDependency */,
			);
			name = oxygen;
			productName = oxygen;
			productReference = 103CEDF73D004F7A9419A259 /* oxygen */;
			productType = "com.apple.product-type.library.static";
		};
/* End PBXNativeTarget section */

/* Begin PBXProject section */
		56438F2C38D4445BA0AE4484 /* Project object */ = {
			isa = PBXProject;
			attributes = {
				BuildIndependentTargetsInParallel = YES;
				LastUpgradeCheck = 1610;
			};
			buildConfigurationList = 33CD38CC5545490091BDF244 /* Build configuration list for PBXProject "oxygen_lib" */;
			buildSettings = {
			};
			buildStyles = (
				313FA8DDCBAE4D5BAD699303 /* Debug */,
				BC5A2AD537BF41BB8296F462 /* Release */,
				3C55E63915F3432991C7EB4E /* MinSizeRel */,
				CBD654939818447DA56A12A6 /* RelWithDebInfo */,
			);
			compatibilityVersion = "Xcode 3.2";
			hasScannedForEncodings = 0;
			mainGroup = AC18518C6BE147BBB3D2FB90;
			projectDirPath = /Users/mucbuc/work/wgui/test/lib/oxygen/test/lib/oxygen;
			projectRoot = "";
			targets = (
				5760EF73859C4E99A0718710 /* ALL_BUILD */,
				45B6B023C78B4375A8E8CAF0 /* ZERO_CHECK */,
				CB845E66556642818D29D16F /* oxygen */,
			);
		};
/* End PBXProject section */

/* Begin PBXShellScriptBuildPhase section */
		3C0110FC8322DE7E50886E21 = {
			isa = PBXShellScriptBuildPhase;
			buildActionMask = 2147483647;
			files = (
			);
			inputPaths = (
			);
			outputPaths = (
			);
			runOnlyForDeploymentPostprocessing = 0;
			shellPath = /bin/sh;
			shellScript = "# shell script goes here
exit 0";
			showEnvVarsInLog = 0;
		};
		400FE65FDF21BFF7A5EFDACB /* Generate CMakeFiles/ALL_BUILD */ = {
			isa = PBXShellScriptBuildPhase;
			alwaysOutOfDate = 1;
			buildActionMask = 2147483647;
			files = (
			);
			inputPaths = (
			);
			name = "Generate CMakeFiles/ALL_BUILD";
			outputPaths = (
"/Users/mucbuc/work/wgui/test/lib/oxygen/test/xc-build/lib/oxygen/CMakeFiles/ALL_BUILD"			);
			runOnlyForDeploymentPostprocessing = 0;
			shellPath = /bin/sh;
			shellScript = "set -e
if test \"$CONFIGURATION\" = \"Debug\"; then :
  cd /Users/mucbuc/work/wgui/test/lib/oxygen/test/xc-build/lib/oxygen
  echo Build\\ all\\ projects
fi
if test \"$CONFIGURATION\" = \"Release\"; then :
  cd /Users/mucbuc/work/wgui/test/lib/oxygen/test/xc-build/lib/oxygen
  echo Build\\ all\\ projects
fi
if test \"$CONFIGURATION\" = \"MinSizeRel\"; then :
  cd /Users/mucbuc/work/wgui/test/lib/oxygen/test/xc-build/lib/oxygen
  echo Build\\ all\\ projects
fi
if test \"$CONFIGURATION\" = \"RelWithDebInfo\"; then :
  cd /Users/mucbuc/work/wgui/test/lib/oxygen/test/xc-build/lib/oxygen
  echo Build\\ all\\ projects
fi
";
			showEnvVarsInLog = 0;
		};
		9B50530E35CC49C82C2FACCF = {
			isa = PBXShellScriptBuildPhase;
			buildActionMask = 2147483647;
			files = (
			);
			inputPaths = (
			);
			outputPaths = (
			);
			runOnlyForDeploymentPostprocessing = 0;
			shellPath = /bin/sh;
			shellScript = "# shell script goes here
exit 0";
			showEnvVarsInLog = 0;
		};
		EB907583B372556A52AED1A5 /* Generate CMakeFiles/ZERO_CHECK */ = {
			isa = PBXShellScriptBuildPhase;
			alwaysOutOfDate = 1;
			buildActionMask = 2147483647;
			files = (
			);
			inputPaths = (
			);
			name = "Generate CMakeFiles/ZERO_CHECK";
			outputPaths = (
"/Users/mucbuc/work/wgui/test/lib/oxygen/test/xc-build/lib/oxygen/CMakeFiles/ZERO_CHECK"			);
			runOnlyForDeploymentPostprocessing = 0;
			shellPath = /bin/sh;
			shellScript = "set -e
if test \"$CONFIGURATION\" = \"Debug\"; then :
  cd /Users/mucbuc/work/wgui/test/lib/oxygen/test/xc-build/lib/oxygen
  make -f /Users/mucbuc/work/wgui/test/lib/oxygen/test/xc-build/lib/oxygen/CMakeScripts/ReRunCMake.make
fi
if test \"$CONFIGURATION\" = \"Release\"; then :
  cd /Users/mucbuc/work/wgui/test/lib/oxygen/test/xc-build/lib/oxygen
  make -f /Users/mucbuc/work/wgui/test/lib/oxygen/test/xc-build/lib/oxygen/CMakeScripts/ReRunCMake.make
fi
if test \"$CONFIGURATION\" = \"MinSizeRel\"; then :
  cd /Users/mucbuc/work/wgui/test/lib/oxygen/test/xc-build/lib/oxygen
  make -f /Users/mucbuc/work/wgui/test/lib/oxygen/test/xc-build/lib/oxygen/CMakeScripts/ReRunCMake.make
fi
if test \"$CONFIGURATION\" = \"RelWithDebInfo\"; then :
  cd /Users/mucbuc/work/wgui/test/lib/oxygen/test/xc-build/lib/oxygen
  make -f /Users/mucbuc/work/wgui/test/lib/oxygen/test/xc-build/lib/oxygen/CMakeScripts/ReRunCMake.make
fi
";
			showEnvVarsInLog = 0;
		};
/* End PBXShellScriptBuildPhase section */

/* Begin PBXSourcesBuildPhase section */
		B9E792F0E11D4286AC8971CC /* Sources */ = {
			isa = PBXSourcesBuildPhase;
			buildActionMask = 2147483647;
			files = (
				F5404A9C3A494ED38E177DC8 /* /Users/mucbuc/work/wgui/test/lib/oxygen/test/lib/oxygen/src/oxygen.cpp */,
			);
			runOnlyForDeploymentPostprocessing = 0;
		};
/* End PBXSourcesBuildPhase section */

/* Begin PBXTargetDependency section */
		047B4C07B2714A0E97C5F4C2 /* PBXTargetDependency */ = {
			isa = PBXTargetDependency;
			target = 45B6B023C78B4375A8E8CAF0 /* ZERO_CHECK */;
			targetProxy = 71104444702C4BC4B7970BC5 /* PBXContainerItemProxy */;
		};
		682D10E15D1140A99FEC0268 /* PBXTargetDependency */ = {
			isa = PBXTargetDependency;
			target = CB845E66556642818D29D16F /* oxygen */;
			targetProxy = 7987BC790B5943A197078830 /* PBXContainerItemProxy */;
		};
		F8C43A9215B64349A719532C /* PBXTargetDependency */ = {
			isa = PBXTargetDependency;
			target = 45B6B023C78B4375A8E8CAF0 /* ZERO_CHECK */;
			targetProxy = 42CB29DF52994F93BE791649 /* PBXContainerItemProxy */;
		};
/* End PBXTargetDependency section */

/* Begin XCBuildConfiguration section */
		05531DC8C6134446A61154AF /* Release */ = {
			isa = XCBuildConfiguration;
			buildSettings = {
				ARCHS = arm64;
				MACOSX_DEPLOYMENT_TARGET = 14.5;
				SDKROOT = /Applications/Xcode.app/Contents/Developer/Platforms/MacOSX.platform/Developer/SDKs/MacOSX15.1.sdk;
				SWIFT_COMPILATION_MODE = wholemodule;
				SYMROOT = "/Users/mucbuc/work/wgui/test/lib/oxygen/test/xc-build/build";
			};
			name = Release;
		};
		22D069E26EDB4F179C358BCF /* RelWithDebInfo */ = {
			isa = XCBuildConfiguration;
			buildSettings = {
				ALWAYS_SEARCH_USER_PATHS = NO;
				ARCHS = arm64;
				COMBINE_HIDPI_IMAGES = YES;
				GCC_GENERATE_DEBUGGING_SYMBOLS = YES;
				GCC_INLINES_ARE_PRIVATE_EXTERN = NO;
				GCC_OPTIMIZATION_LEVEL = 0;
				GCC_PREPROCESSOR_DEFINITIONS = ("'CMAKE_INTDIR=\"$(CONFIGURATION)$(EFFECTIVE_PLATFORM_NAME)\"'","$(inherited)");
				GCC_SYMBOLS_PRIVATE_EXTERN = NO;
				INSTALL_PATH = "";
				ONLY_ACTIVE_ARCH = NO;
				OTHER_LDFLAGS = ("","$(inherited)");
				OTHER_REZFLAGS = "";
				PRODUCT_NAME = ALL_BUILD;
				SECTORDER_FLAGS = "";
				USE_HEADERMAP = NO;
				WARNING_CFLAGS = ("$(inherited)");
			};
			name = RelWithDebInfo;
		};
		2FD8B10E66CD4B4A917C258A /* RelWithDebInfo */ = {
			isa = XCBuildConfiguration;
			buildSettings = {
				ALWAYS_SEARCH_USER_PATHS = NO;
				ARCHS = arm64;
				COMBINE_HIDPI_IMAGES = YES;
				CONFIGURATION_BUILD_DIR = "/Users/mucbuc/work/wgui/test/lib/oxygen/test/xc-build/lib/oxygen/RelWithDebInfo";
				EXECUTABLE_PREFIX = lib;
				EXECUTABLE_SUFFIX = .a;
				GCC_GENERATE_DEBUGGING_SYMBOLS = YES;
				GCC_INLINES_ARE_PRIVATE_EXTERN = NO;
				GCC_OPTIMIZATION_LEVEL = 2;
				GCC_PREPROCESSOR_DEFINITIONS = ("'CMAKE_INTDIR=\"$(CONFIGURATION)$(EFFECTIVE_PLATFORM_NAME)\"'","$(inherited)");
				GCC_SYMBOLS_PRIVATE_EXTERN = NO;
				HEADER_SEARCH_PATHS = (/Users/mucbuc/work/wgui/test/lib/oxygen/test/lib/oxygen/PUBLIC,"$(inherited)");
				INSTALL_PATH = "";
				LIBRARY_STYLE = STATIC;
				ONLY_ACTIVE_ARCH = NO;
				OTHER_CPLUSPLUSFLAGS = "       -DNDEBUG '-std=c++20' -Werror ";
				OTHER_LIBTOOLFLAGS = ("");
				OTHER_REZFLAGS = "";
				PRODUCT_NAME = oxygen;
				SECTORDER_FLAGS = "";
				SYSTEM_HEADER_SEARCH_PATHS = (/Users/mucbuc/work/wgui/test/lib/oxygen/test/lib/oxygen/test/lib,"$(inherited)");
				TARGET_TEMP_DIR = "/Users/mucbuc/work/wgui/test/lib/oxygen/test/xc-build/build/oxygen.build/$(CONFIGURATION)$(EFFECTIVE_PLATFORM_NAME)";
				USE_HEADERMAP = NO;
				WARNING_CFLAGS = ("$(inherited)");
			};
			name = RelWithDebInfo;
		};
		3116439F80B847C69996D18F /* Release */ = {
			isa = XCBuildConfiguration;
			buildSettings = {
				ALWAYS_SEARCH_USER_PATHS = NO;
				ARCHS = arm64;
				COMBINE_HIDPI_IMAGES = YES;
				CONFIGURATION_BUILD_DIR = "/Users/mucbuc/work/wgui/test/lib/oxygen/test/xc-build/lib/oxygen/Release";
				EXECUTABLE_PREFIX = lib;
				EXECUTABLE_SUFFIX = .a;
				GCC_GENERATE_DEBUGGING_SYMBOLS = NO;
				GCC_INLINES_ARE_PRIVATE_EXTERN = NO;
				GCC_OPTIMIZATION_LEVEL = 3;
				GCC_PREPROCESSOR_DEFINITIONS = ("'CMAKE_INTDIR=\"$(CONFIGURATION)$(EFFECTIVE_PLATFORM_NAME)\"'","$(inherited)");
				GCC_SYMBOLS_PRIVATE_EXTERN = NO;
				HEADER_SEARCH_PATHS = (/Users/mucbuc/work/wgui/test/lib/oxygen/test/lib/oxygen/PUBLIC,"$(inherited)");
				INSTALL_PATH = "";
				LIBRARY_STYLE = STATIC;
				ONLY_ACTIVE_ARCH = NO;
				OTHER_CPLUSPLUSFLAGS = "    -DNDEBUG '-std=c++20' -Werror ";
				OTHER_LIBTOOLFLAGS = ("");
				OTHER_REZFLAGS = "";
				PRODUCT_NAME = oxygen;
				SECTORDER_FLAGS = "";
				SYSTEM_HEADER_SEARCH_PATHS = (/Users/mucbuc/work/wgui/test/lib/oxygen/test/lib/oxygen/test/lib,"$(inherited)");
				TARGET_TEMP_DIR = "/Users/mucbuc/work/wgui/test/lib/oxygen/test/xc-build/build/oxygen.build/$(CONFIGURATION)$(EFFECTIVE_PLATFORM_NAME)";
				USE_HEADERMAP = NO;
				WARNING_CFLAGS = ("$(inherited)");
			};
			name = Release;
		};
		36E622EF26B74A06A3B0CA8B /* Debug */ = {
			isa = XCBuildConfiguration;
			buildSettings = {
				ARCHS = arm64;
				MACOSX_DEPLOYMENT_TARGET = 14.5;
				SDKROOT = /Applications/Xcode.app/Contents/Developer/Platforms/MacOSX.platform/Developer/SDKs/MacOSX15.1.sdk;
				SYMROOT = "/Users/mucbuc/work/wgui/test/lib/oxygen/test/xc-build/build";
			};
			name = Debug;
		};
		3F5DF29CF0304D26AE0981FD /* Debug */ = {
			isa = XCBuildConfiguration;
			buildSettings = {
				ALWAYS_SEARCH_USER_PATHS = NO;
				ARCHS = arm64;
				COMBINE_HIDPI_IMAGES = YES;
				GCC_GENERATE_DEBUGGING_SYMBOLS = YES;
				GCC_INLINES_ARE_PRIVATE_EXTERN = NO;
				GCC_OPTIMIZATION_LEVEL = 0;
				GCC_PREPROCESSOR_DEFINITIONS = ("'CMAKE_INTDIR=\"$(CONFIGURATION)$(EFFECTIVE_PLATFORM_NAME)\"'","$(inherited)");
				GCC_SYMBOLS_PRIVATE_EXTERN = NO;
				INSTALL_PATH = "";
				ONLY_ACTIVE_ARCH = NO;
				OTHER_LDFLAGS = ("","$(inherited)");
				OTHER_REZFLAGS = "";
				PRODUCT_NAME = ALL_BUILD;
				SECTORDER_FLAGS = "";
				USE_HEADERMAP = NO;
				WARNING_CFLAGS = ("$(inherited)");
			};
			name = Debug;
		};
		4C0B8F61F6F145EAA40A5347 /* Release */ = {
			isa = XCBuildConfiguration;
			buildSettings = {
				ALWAYS_SEARCH_USER_PATHS = NO;
				ARCHS = arm64;
				COMBINE_HIDPI_IMAGES = YES;
				GCC_GENERATE_DEBUGGING_SYMBOLS = YES;
				GCC_INLINES_ARE_PRIVATE_EXTERN = NO;
				GCC_OPTIMIZATION_LEVEL = 0;
				GCC_PREPROCESSOR_DEFINITIONS = ("'CMAKE_INTDIR=\"$(CONFIGURATION)$(EFFECTIVE_PLATFORM_NAME)\"'","$(inherited)");
				GCC_SYMBOLS_PRIVATE_EXTERN = NO;
				INSTALL_PATH = "";
				ONLY_ACTIVE_ARCH = NO;
				OTHER_LDFLAGS = ("","$(inherited)");
				OTHER_REZFLAGS = "";
				PRODUCT_NAME = ZERO_CHECK;
				SECTORDER_FLAGS = "";
				USE_HEADERMAP = NO;
				WARNING_CFLAGS = ("$(inherited)");
			};
			name = Release;
		};
		6E0D3962BA1D44C7B304D602 /* Debug */ = {
			isa = XCBuildConfiguration;
			buildSettings = {
				ALWAYS_SEARCH_USER_PATHS = NO;
				ARCHS = arm64;
				COMBINE_HIDPI_IMAGES = YES;
				CONFIGURATION_BUILD_DIR = "/Users/mucbuc/work/wgui/test/lib/oxygen/test/xc-build/lib/oxygen/Debug";
				EXECUTABLE_PREFIX = lib;
				EXECUTABLE_SUFFIX = .a;
				GCC_GENERATE_DEBUGGING_SYMBOLS = YES;
				GCC_INLINES_ARE_PRIVATE_EXTERN = NO;
				GCC_OPTIMIZATION_LEVEL = 0;
				GCC_PREPROCESSOR_DEFINITIONS = ("'CMAKE_INTDIR=\"$(CONFIGURATION)$(EFFECTIVE_PLATFORM_NAME)\"'","$(inherited)");
				GCC_SYMBOLS_PRIVATE_EXTERN = NO;
				HEADER_SEARCH_PATHS = (/Users/mucbuc/work/wgui/test/lib/oxygen/test/lib/oxygen/PUBLIC,"$(inherited)");
				INSTALL_PATH = "";
				LIBRARY_STYLE = STATIC;
				ONLY_ACTIVE_ARCH = NO;
				OTHER_CPLUSPLUSFLAGS = "   '-std=c++20' -Werror ";
				OTHER_LIBTOOLFLAGS = ("");
				OTHER_REZFLAGS = "";
				PRODUCT_NAME = oxygen;
				SECTORDER_FLAGS = "";
				SYSTEM_HEADER_SEARCH_PATHS = (/Users/mucbuc/work/wgui/test/lib/oxygen/test/lib/oxygen/test/lib,"$(inherited)");
				TARGET_TEMP_DIR = "/Users/mucbuc/work/wgui/test/lib/oxygen/test/xc-build/build/oxygen.build/$(CONFIGURATION)$(EFFECTIVE_PLATFORM_NAME)";
				USE_HEADERMAP = NO;
				WARNING_CFLAGS = ("$(inherited)");
			};
			name = Debug;
		};
		760460E61FFF4945BE91C88C /* MinSizeRel */ = {
			isa = XCBuildConfiguration;
			buildSettings = {
				ALWAYS_SEARCH_USER_PATHS = NO;
				ARCHS = arm64;
				COMBINE_HIDPI_IMAGES = YES;
				CONFIGURATION_BUILD_DIR = "/Users/mucbuc/work/wgui/test/lib/oxygen/test/xc-build/lib/oxygen/MinSizeRel";
				EXECUTABLE_PREFIX = lib;
				EXECUTABLE_SUFFIX = .a;
				GCC_GENERATE_DEBUGGING_SYMBOLS = NO;
				GCC_INLINES_ARE_PRIVATE_EXTERN = NO;
				GCC_OPTIMIZATION_LEVEL = s;
				GCC_PREPROCESSOR_DEFINITIONS = ("'CMAKE_INTDIR=\"$(CONFIGURATION)$(EFFECTIVE_PLATFORM_NAME)\"'","$(inherited)");
				GCC_SYMBOLS_PRIVATE_EXTERN = NO;
				HEADER_SEARCH_PATHS = (/Users/mucbuc/work/wgui/test/lib/oxygen/test/lib/oxygen/PUBLIC,"$(inherited)");
				INSTALL_PATH = "";
				LIBRARY_STYLE = STATIC;
				ONLY_ACTIVE_ARCH = NO;
				OTHER_CPLUSPLUSFLAGS = "    -DNDEBUG '-std=c++20' -Werror ";
				OTHER_LIBTOOLFLAGS = ("");
				OTHER_REZFLAGS = "";
				PRODUCT_NAME = oxygen;
				SECTORDER_FLAGS = "";
				SYSTEM_HEADER_SEARCH_PATHS = (/Users/mucbuc/work/wgui/test/lib/oxygen/test/lib/oxygen/test/lib,"$(inherited)");
				TARGET_TEMP_DIR = "/Users/mucbuc/work/wgui/test/lib/oxygen/test/xc-build/build/oxygen.build/$(CONFIGURATION)$(EFFECTIVE_PLATFORM_NAME)";
				USE_HEADERMAP = NO;
				WARNING_CFLAGS = ("$(inherited)");
			};
			name = MinSizeRel;
		};
		8CC90946E14640A2973908DF /* MinSizeRel */ = {
			isa = XCBuildConfiguration;
			buildSettings = {
				ARCHS = arm64;
				MACOSX_DEPLOYMENT_TARGET = 14.5;
				SDKROOT = /Applications/Xcode.app/Contents/Developer/Platforms/MacOSX.platform/Developer/SDKs/MacOSX15.1.sdk;
				SWIFT_COMPILATION_MODE = wholemodule;
				SYMROOT = "/Users/mucbuc/work/wgui/test/lib/oxygen/test/xc-build/build";
			};
			name = MinSizeRel;
		};
		965BCCFBB49A4C1AB1217F3C /* Release */ = {
			isa = XCBuildConfiguration;
			buildSettings = {
				ALWAYS_SEARCH_USER_PATHS = NO;
				ARCHS = arm64;
				COMBINE_HIDPI_IMAGES = YES;
				GCC_GENERATE_DEBUGGING_SYMBOLS = YES;
				GCC_INLINES_ARE_PRIVATE_EXTERN = NO;
				GCC_OPTIMIZATION_LEVEL = 0;
				GCC_PREPROCESSOR_DEFINITIONS = ("'CMAKE_INTDIR=\"$(CONFIGURATION)$(EFFECTIVE_PLATFORM_NAME)\"'","$(inherited)");
				GCC_SYMBOLS_PRIVATE_EXTERN = NO;
				INSTALL_PATH = "";
				ONLY_ACTIVE_ARCH = NO;
				OTHER_LDFLAGS = ("","$(inherited)");
				OTHER_REZFLAGS = "";
				PRODUCT_NAME = ALL_BUILD;
				SECTORDER_FLAGS = "";
				USE_HEADERMAP = NO;
				WARNING_CFLAGS = ("$(inherited)");
			};
			name = Release;
		};
		BCC9AAA281BE41A9B341558A /* RelWithDebInfo */ = {
			isa = XCBuildConfiguration;
			buildSettings = {
				ALWAYS_SEARCH_USER_PATHS = NO;
				ARCHS = arm64;
				COMBINE_HIDPI_IMAGES = YES;
				GCC_GENERATE_DEBUGGING_SYMBOLS = YES;
				GCC_INLINES_ARE_PRIVATE_EXTERN = NO;
				GCC_OPTIMIZATION_LEVEL = 0;
				GCC_PREPROCESSOR_DEFINITIONS = ("'CMAKE_INTDIR=\"$(CONFIGURATION)$(EFFECTIVE_PLATFORM_NAME)\"'","$(inherited)");
				GCC_SYMBOLS_PRIVATE_EXTERN = NO;
				INSTALL_PATH = "";
				ONLY_ACTIVE_ARCH = NO;
				OTHER_LDFLAGS = ("","$(inherited)");
				OTHER_REZFLAGS = "";
				PRODUCT_NAME = ZERO_CHECK;
				SECTORDER_FLAGS = "";
				USE_HEADERMAP = NO;
				WARNING_CFLAGS = ("$(inherited)");
			};
			name = RelWithDebInfo;
		};
		C0684D9C76F1464493DF6DBD /* Debug */ = {
			isa = XCBuildConfiguration;
			buildSettings = {
				ALWAYS_SEARCH_USER_PATHS = NO;
				ARCHS = arm64;
				COMBINE_HIDPI_IMAGES = YES;
				GCC_GENERATE_DEBUGGING_SYMBOLS = YES;
				GCC_INLINES_ARE_PRIVATE_EXTERN = NO;
				GCC_OPTIMIZATION_LEVEL = 0;
				GCC_PREPROCESSOR_DEFINITIONS = ("'CMAKE_INTDIR=\"$(CONFIGURATION)$(EFFECTIVE_PLATFORM_NAME)\"'","$(inherited)");
				GCC_SYMBOLS_PRIVATE_EXTERN = NO;
				INSTALL_PATH = "";
				ONLY_ACTIVE_ARCH = NO;
				OTHER_LDFLAGS = ("","$(inherited)");
				OTHER_REZFLAGS = "";
				PRODUCT_NAME = ZERO_CHECK;
				SECTORDER_FLAGS = "";
				USE_HEADERMAP = NO;
				WARNING_CFLAGS = ("$(inherited)");
			};
			name = Debug;
		};
		E1CE7FC2FBD6482D8C4D911D /* MinSizeRel */ = {
			isa = XCBuildConfiguration;
			buildSettings = {
				ALWAYS_SEARCH_USER_PATHS = NO;
				ARCHS = arm64;
				COMBINE_HIDPI_IMAGES = YES;
				GCC_GENERATE_DEBUGGING_SYMBOLS = YES;
				GCC_INLINES_ARE_PRIVATE_EXTERN = NO;
				GCC_OPTIMIZATION_LEVEL = 0;
				GCC_PREPROCESSOR_DEFINITIONS = ("'CMAKE_INTDIR=\"$(CONFIGURATION)$(EFFECTIVE_PLATFORM_NAME)\"'","$(inherited)");
				GCC_SYMBOLS_PRIVATE_EXTERN = NO;
				INSTALL_PATH = "";
				ONLY_ACTIVE_ARCH = NO;
				OTHER_LDFLAGS = ("","$(inherited)");
				OTHER_REZFLAGS = "";
				PRODUCT_NAME = ALL_BUILD;
				SECTORDER_FLAGS = "";
				USE_HEADERMAP = NO;
				WARNING_CFLAGS = ("$(inherited)");
			};
			name = MinSizeRel;
		};
		EA4AFB68EA2241DF9609A35D /* RelWithDebInfo */ = {
			isa = XCBuildConfiguration;
			buildSettings = {
				ARCHS = arm64;
				MACOSX_DEPLOYMENT_TARGET = 14.5;
				SDKROOT = /Applications/Xcode.app/Contents/Developer/Platforms/MacOSX.platform/Developer/SDKs/MacOSX15.1.sdk;
				SWIFT_COMPILATION_MODE = wholemodule;
				SYMROOT = "/Users/mucbuc/work/wgui/test/lib/oxygen/test/xc-build/build";
			};
			name = RelWithDebInfo;
		};
		FE00B983DB5E41EF96982B31 /* MinSizeRel */ = {
			isa = XCBuildConfiguration;
			buildSettings = {
				ALWAYS_SEARCH_USER_PATHS = NO;
				ARCHS = arm64;
				COMBINE_HIDPI_IMAGES = YES;
				GCC_GENERATE_DEBUGGING_SYMBOLS = YES;
				GCC_INLINES_ARE_PRIVATE_EXTERN = NO;
				GCC_OPTIMIZATION_LEVEL = 0;
				GCC_PREPROCESSOR_DEFINITIONS = ("'CMAKE_INTDIR=\"$(CONFIGURATION)$(EFFECTIVE_PLATFORM_NAME)\"'","$(inherited)");
				GCC_SYMBOLS_PRIVATE_EXTERN = NO;
				INSTALL_PATH = "";
				ONLY_ACTIVE_ARCH = NO;
				OTHER_LDFLAGS = ("","$(inherited)");
				OTHER_REZFLAGS = "";
				PRODUCT_NAME = ZERO_CHECK;
				SECTORDER_FLAGS = "";
				USE_HEADERMAP = NO;
				WARNING_CFLAGS = ("$(inherited)");
			};
			name = MinSizeRel;
		};
/* End XCBuildConfiguration section */

/* Begin XCConfigurationList section */
		2BFDDD4FE06F47C0BB09F54C /* Build configuration list for PBXAggregateTarget "ZERO_CHECK" */ = {
			isa = XCConfigurationList;
			buildConfigurations = (
				C0684D9C76F1464493DF6DBD /* Debug */,
				4C0B8F61F6F145EAA40A5347 /* Release */,
				FE00B983DB5E41EF96982B31 /* MinSizeRel */,
				BCC9AAA281BE41A9B341558A /* RelWithDebInfo */,
			);
			defaultConfigurationIsVisible = 0;
			defaultConfigurationName = Debug;
		};
		33CD38CC5545490091BDF244 /* Build configuration list for PBXProject "oxygen_lib" */ = {
			isa = XCConfigurationList;
			buildConfigurations = (
				36E622EF26B74A06A3B0CA8B /* Debug */,
				05531DC8C6134446A61154AF /* Release */,
				8CC90946E14640A2973908DF /* MinSizeRel */,
				EA4AFB68EA2241DF9609A35D /* RelWithDebInfo */,
			);
			defaultConfigurationIsVisible = 0;
			defaultConfigurationName = Debug;
		};
		85A38DC6C1A148789D7289BA /* Build configuration list for PBXAggregateTarget "ALL_BUILD" */ = {
			isa = XCConfigurationList;
			buildConfigurations = (
				3F5DF29CF0304D26AE0981FD /* Debug */,
				965BCCFBB49A4C1AB1217F3C /* Release */,
				E1CE7FC2FBD6482D8C4D911D /* MinSizeRel */,
				22D069E26EDB4F179C358BCF /* RelWithDebInfo */,
			);
			defaultConfigurationIsVisible = 0;
			defaultConfigurationName = Debug;
		};
		91A0D988ED2E43D2A480D019 /* Build configuration list for PBXNativeTarget "oxygen" */ = {
			isa = XCConfigurationList;
			buildConfigurations = (
				6E0D3962BA1D44C7B304D602 /* Debug */,
				3116439F80B847C69996D18F /* Release */,
				760460E61FFF4945BE91C88C /* MinSizeRel */,
				2FD8B10E66CD4B4A917C258A /* RelWithDebInfo */,
			);
			defaultConfigurationIsVisible = 0;
			defaultConfigurationName = Debug;
		};
/* End XCConfigurationList section */
	};
	rootObject = 56438F2C38D4445BA0AE4484 /* Project object */;
}
