// !$*UTF8*$!
{
	archiveVersion = 1;
	classes = {
	};
	objectVersion = 46;
	objects = {

/* Begin PBXAggregateTarget section */
		45B6B023C78B4375A8E8CAF0 /* ZERO_CHECK */ = {
			isa = PBXAggregateTarget;
			buildConfigurationList = 3CB2EBD919C14AF798D3CB7E /* Build configuration list for PBXAggregateTarget "ZERO_CHECK" */;
			buildPhases = (
				E5E1EC16BD6A023AEC185F40 /* Generate CMakeFiles/ZERO_CHECK */,
			);
			dependencies = (
			);
			name = ZERO_CHECK;
			productName = ZERO_CHECK;
		};
		5760EF73859C4E99A0718710 /* ALL_BUILD */ = {
			isa = PBXAggregateTarget;
			buildConfigurationList = 639D6DE9615741788C672835 /* Build configuration list for PBXAggregateTarget "ALL_BUILD" */;
			buildPhases = (
				C05AB654811F0289B572A523 /* Generate CMakeFiles/ALL_BUILD */,
			);
			dependencies = (
				BAE85B4441444EC3BA6D204F /* PBXTargetDependency */,
				7D5C126F85FE453785981589 /* PBXTargetDependency */,
			);
			name = ALL_BUILD;
			productName = ALL_BUILD;
		};
		96FC31F8D3064413958722B9 /* asserter */ = {
			isa = PBXAggregateTarget;
			buildConfigurationList = 7071FC4978214713B23ED2C7 /* Build configuration list for PBXAggregateTarget "asserter" */;
			buildPhases = (
			);
			dependencies = (
				D5F57BC0C9A84716BDF545A4 /* PBXTargetDependency */,
			);
			name = asserter;
			productName = asserter;
		};
/* End PBXAggregateTarget section */

/* Begin PBXBuildStyle section */
		07DBBE70E0924FFE8958432A /* Release */ = {
			isa = PBXBuildStyle;
			buildSettings = {
				COPY_PHASE_STRIP = NO;
			};
			name = Release;
		};
		2D80869886AD4655ABA161F8 /* RelWithDebInfo */ = {
			isa = PBXBuildStyle;
			buildSettings = {
				COPY_PHASE_STRIP = NO;
			};
			name = RelWithDebInfo;
		};
		8608D427FC5C47E888DDF820 /* MinSizeRel */ = {
			isa = PBXBuildStyle;
			buildSettings = {
				COPY_PHASE_STRIP = NO;
			};
			name = MinSizeRel;
		};
		FF3728ABCEA54E67A3D414DA /* Debug */ = {
			isa = PBXBuildStyle;
			buildSettings = {
				COPY_PHASE_STRIP = NO;
			};
			name = Debug;
		};
/* End PBXBuildStyle section */

/* Begin PBXContainerItemProxy section */
		5617224335C94A4A9CB88F46 /* PBXContainerItemProxy */ = {
			isa = PBXContainerItemProxy;
			containerPortal = 333806EBEAFF4EA18AA3DF41 /* Project object */;
			proxyType = 1;
			remoteGlobalIDString = 96FC31F8D3064413958722B9;
			remoteInfo = asserter;
		};
		86C10DE637E640FC93006E5B /* PBXContainerItemProxy */ = {
			isa = PBXContainerItemProxy;
			containerPortal = 333806EBEAFF4EA18AA3DF41 /* Project object */;
			proxyType = 1;
			remoteGlobalIDString = 45B6B023C78B4375A8E8CAF0;
			remoteInfo = ZERO_CHECK;
		};
		EFA10A5848194506891B6C99 /* PBXContainerItemProxy */ = {
			isa = PBXContainerItemProxy;
			containerPortal = 333806EBEAFF4EA18AA3DF41 /* Project object */;
			proxyType = 1;
			remoteGlobalIDString = 45B6B023C78B4375A8E8CAF0;
			remoteInfo = ZERO_CHECK;
		};
/* End PBXContainerItemProxy section */

/* Begin PBXFileReference section */
		0B0305B75F6043B3B1DB3FDC /* /Users/mucbuc/work/wgui/test/lib/oxygen/test/lib/asserter/src/asserter.hxx */ = {isa = PBXFileReference; explicitFileType = sourcecode.cpp.h; fileEncoding = 4; name = asserter.hxx; path = src/asserter.hxx; sourceTree = SOURCE_ROOT; };
		263ABAA44BA94993ACBE6B5D /* /Users/mucbuc/work/wgui/test/lib/oxygen/test/lib/asserter/src/archiver.hxx */ = {isa = PBXFileReference; explicitFileType = sourcecode.cpp.h; fileEncoding = 4; name = archiver.hxx; path = src/archiver.hxx; sourceTree = SOURCE_ROOT; };
		575EE8EF87514F82BA50A50A /* /Users/mucbuc/work/wgui/test/lib/oxygen/test/lib/asserter/CMakeLists.txt */ = {isa = PBXFileReference; explicitFileType = sourcecode.text; fileEncoding = 4; name = CMakeLists.txt; path = CMakeLists.txt; sourceTree = SOURCE_ROOT; };
		5D47B6C27A3C4225BCCE0B75 /* /Users/mucbuc/work/wgui/test/lib/oxygen/test/lib/asserter/src/archiver.hpp */ = {isa = PBXFileReference; explicitFileType = sourcecode.cpp.h; fileEncoding = 4; name = archiver.hpp; path = src/archiver.hpp; sourceTree = SOURCE_ROOT; };
		5F309361CED141FDA5B0679C /* /Users/mucbuc/work/wgui/test/lib/oxygen/test/lib/asserter/src/asserter.hpp */ = {isa = PBXFileReference; explicitFileType = sourcecode.cpp.h; fileEncoding = 4; name = asserter.hpp; path = src/asserter.hpp; sourceTree = SOURCE_ROOT; };
		7A1255530C5E4BDFAD1ACC42 /* /Users/mucbuc/work/wgui/test/lib/oxygen/test/lib/asserter/CMakeLists.txt */ = {isa = PBXFileReference; explicitFileType = sourcecode.text; fileEncoding = 4; name = CMakeLists.txt; path = CMakeLists.txt; sourceTree = SOURCE_ROOT; };
/* End PBXFileReference section */

/* Begin PBXGroup section */
		0864AFD0E0154843978A8282 /* Header Files */ = {
			isa = PBXGroup;
			children = (
				5D47B6C27A3C4225BCCE0B75 /* /Users/mucbuc/work/wgui/test/lib/oxygen/test/lib/asserter/src/archiver.hpp */,
				263ABAA44BA94993ACBE6B5D /* /Users/mucbuc/work/wgui/test/lib/oxygen/test/lib/asserter/src/archiver.hxx */,
				5F309361CED141FDA5B0679C /* /Users/mucbuc/work/wgui/test/lib/oxygen/test/lib/asserter/src/asserter.hpp */,
				0B0305B75F6043B3B1DB3FDC /* /Users/mucbuc/work/wgui/test/lib/oxygen/test/lib/asserter/src/asserter.hxx */,
			);
			name = "Header Files";
			sourceTree = "<group>";
		};
		0BD6DCE66B69403DA6A7DEC2 /* asserter */ = {
			isa = PBXGroup;
			children = (
				0864AFD0E0154843978A8282 /* Header Files */,
				7A1255530C5E4BDFAD1ACC42 /* /Users/mucbuc/work/wgui/test/lib/oxygen/test/lib/asserter/CMakeLists.txt */,
			);
			name = asserter;
			sourceTree = "<group>";
		};
		26C5291ED19D4B248E5FC4B4 = {
			isa = PBXGroup;
			children = (
				0BD6DCE66B69403DA6A7DEC2 /* asserter */,
				8CE629BD29444F53B3EFC0CC /* ALL_BUILD */,
				B77A3670871D4D4C9F808784 /* Products */,
				A6DCD9EF623B48C3A31EECCC /* Frameworks */,
			);
			sourceTree = "<group>";
		};
		8CE629BD29444F53B3EFC0CC /* ALL_BUILD */ = {
			isa = PBXGroup;
			children = (
				E5F3C3262D154CA7BF41A5F5 /* CMake Rules */,
				575EE8EF87514F82BA50A50A /* /Users/mucbuc/work/wgui/test/lib/oxygen/test/lib/asserter/CMakeLists.txt */,
			);
			name = ALL_BUILD;
			sourceTree = "<group>";
		};
		A6DCD9EF623B48C3A31EECCC /* Frameworks */ = {
			isa = PBXGroup;
			children = (
			);
			name = Frameworks;
			sourceTree = "<group>";
		};
		B77A3670871D4D4C9F808784 /* Products */ = {
			isa = PBXGroup;
			children = (
			);
			name = Products;
			sourceTree = "<group>";
		};
		E5F3C3262D154CA7BF41A5F5 /* CMake Rules */ = {
			isa = PBXGroup;
			children = (
			);
			name = "CMake Rules";
			sourceTree = "<group>";
		};
/* End PBXGroup section */

/* Begin PBXProject section */
		333806EBEAFF4EA18AA3DF41 /* Project object */ = {
			isa = PBXProject;
			attributes = {
				BuildIndependentTargetsInParallel = YES;
				LastUpgradeCheck = 1610;
			};
			buildConfigurationList = 213A1371C3DF404B8A6DDF02 /* Build configuration list for PBXProject "asserter" */;
			buildSettings = {
			};
			buildStyles = (
				FF3728ABCEA54E67A3D414DA /* Debug */,
				07DBBE70E0924FFE8958432A /* Release */,
				8608D427FC5C47E888DDF820 /* MinSizeRel */,
				2D80869886AD4655ABA161F8 /* RelWithDebInfo */,
			);
			compatibilityVersion = "Xcode 3.2";
			hasScannedForEncodings = 0;
			mainGroup = 26C5291ED19D4B248E5FC4B4;
			projectDirPath = /Users/mucbuc/work/wgui/test/lib/oxygen/test/lib/asserter;
			projectRoot = "";
			targets = (
				5760EF73859C4E99A0718710 /* ALL_BUILD */,
				45B6B023C78B4375A8E8CAF0 /* ZERO_CHECK */,
				96FC31F8D3064413958722B9 /* asserter */,
			);
		};
/* End PBXProject section */

/* Begin PBXShellScriptBuildPhase section */
		3C0110FC8322DE7E50886E21 = {
			isa = PBXShellScriptBuildPhase;
			buildActionMask = 2147483647;
			files = (
			);
			inputPaths = (
			);
			outputPaths = (
			);
			runOnlyForDeploymentPostprocessing = 0;
			shellPath = /bin/sh;
			shellScript = "# shell script goes here
exit 0";
			showEnvVarsInLog = 0;
		};
		4F9BAA9F012657E72791EFE0 = {
			isa = PBXShellScriptBuildPhase;
			buildActionMask = 2147483647;
			files = (
			);
			inputPaths = (
			);
			outputPaths = (
			);
			runOnlyForDeploymentPostprocessing = 0;
			shellPath = /bin/sh;
			shellScript = "# shell script goes here
exit 0";
			showEnvVarsInLog = 0;
		};
		9B50530E35CC49C82C2FACCF = {
			isa = PBXShellScriptBuildPhase;
			buildActionMask = 2147483647;
			files = (
			);
			inputPaths = (
			);
			outputPaths = (
			);
			runOnlyForDeploymentPostprocessing = 0;
			shellPath = /bin/sh;
			shellScript = "# shell script goes here
exit 0";
			showEnvVarsInLog = 0;
		};
		C05AB654811F0289B572A523 /* Generate CMakeFiles/ALL_BUILD */ = {
			isa = PBXShellScriptBuildPhase;
			alwaysOutOfDate = 1;
			buildActionMask = 2147483647;
			files = (
			);
			inputPaths = (
			);
			name = "Generate CMakeFiles/ALL_BUILD";
			outputPaths = (
"/Users/mucbuc/work/wgui/test/lib/oxygen/test/xc-build/lib/asserter/CMakeFiles/ALL_BUILD"			);
			runOnlyForDeploymentPostprocessing = 0;
			shellPath = /bin/sh;
			shellScript = "set -e
if test \"$CONFIGURATION\" = \"Debug\"; then :
  cd /Users/mucbuc/work/wgui/test/lib/oxygen/test/xc-build/lib/asserter
  echo Build\\ all\\ projects
fi
if test \"$CONFIGURATION\" = \"Release\"; then :
  cd /Users/mucbuc/work/wgui/test/lib/oxygen/test/xc-build/lib/asserter
  echo Build\\ all\\ projects
fi
if test \"$CONFIGURATION\" = \"MinSizeRel\"; then :
  cd /Users/mucbuc/work/wgui/test/lib/oxygen/test/xc-build/lib/asserter
  echo Build\\ all\\ projects
fi
if test \"$CONFIGURATION\" = \"RelWithDebInfo\"; then :
  cd /Users/mucbuc/work/wgui/test/lib/oxygen/test/xc-build/lib/asserter
  echo Build\\ all\\ projects
fi
";
			showEnvVarsInLog = 0;
		};
		E5E1EC16BD6A023AEC185F40 /* Generate CMakeFiles/ZERO_CHECK */ = {
			isa = PBXShellScriptBuildPhase;
			alwaysOutOfDate = 1;
			buildActionMask = 2147483647;
			files = (
			);
			inputPaths = (
			);
			name = "Generate CMakeFiles/ZERO_CHECK";
			outputPaths = (
"/Users/mucbuc/work/wgui/test/lib/oxygen/test/xc-build/lib/asserter/CMakeFiles/ZERO_CHECK"			);
			runOnlyForDeploymentPostprocessing = 0;
			shellPath = /bin/sh;
			shellScript = "set -e
if test \"$CONFIGURATION\" = \"Debug\"; then :
  cd /Users/mucbuc/work/wgui/test/lib/oxygen/test/xc-build/lib/asserter
  make -f /Users/mucbuc/work/wgui/test/lib/oxygen/test/xc-build/lib/asserter/CMakeScripts/ReRunCMake.make
fi
if test \"$CONFIGURATION\" = \"Release\"; then :
  cd /Users/mucbuc/work/wgui/test/lib/oxygen/test/xc-build/lib/asserter
  make -f /Users/mucbuc/work/wgui/test/lib/oxygen/test/xc-build/lib/asserter/CMakeScripts/ReRunCMake.make
fi
if test \"$CONFIGURATION\" = \"MinSizeRel\"; then :
  cd /Users/mucbuc/work/wgui/test/lib/oxygen/test/xc-build/lib/asserter
  make -f /Users/mucbuc/work/wgui/test/lib/oxygen/test/xc-build/lib/asserter/CMakeScripts/ReRunCMake.make
fi
if test \"$CONFIGURATION\" = \"RelWithDebInfo\"; then :
  cd /Users/mucbuc/work/wgui/test/lib/oxygen/test/xc-build/lib/asserter
  make -f /Users/mucbuc/work/wgui/test/lib/oxygen/test/xc-build/lib/asserter/CMakeScripts/ReRunCMake.make
fi
";
			showEnvVarsInLog = 0;
		};
/* End PBXShellScriptBuildPhase section */

/* Begin PBXTargetDependency section */
		7D5C126F85FE453785981589 /* PBXTargetDependency */ = {
			isa = PBXTargetDependency;
			target = 45B6B023C78B4375A8E8CAF0 /* ZERO_CHECK */;
			targetProxy = EFA10A5848194506891B6C99 /* PBXContainerItemProxy */;
		};
		BAE85B4441444EC3BA6D204F /* PBXTargetDependency */ = {
			isa = PBXTargetDependency;
			target = 96FC31F8D3064413958722B9 /* asserter */;
			targetProxy = 5617224335C94A4A9CB88F46 /* PBXContainerItemProxy */;
		};
		D5F57BC0C9A84716BDF545A4 /* PBXTargetDependency */ = {
			isa = PBXTargetDependency;
			target = 45B6B023C78B4375A8E8CAF0 /* ZERO_CHECK */;
			targetProxy = 86C10DE637E640FC93006E5B /* PBXContainerItemProxy */;
		};
/* End PBXTargetDependency section */

/* Begin XCBuildConfiguration section */
		1A5751754E824BEAAA186C37 /* Debug */ = {
			isa = XCBuildConfiguration;
			buildSettings = {
				ARCHS = arm64;
				MACOSX_DEPLOYMENT_TARGET = 14.5;
				SDKROOT = /Applications/Xcode.app/Contents/Developer/Platforms/MacOSX.platform/Developer/SDKs/MacOSX15.1.sdk;
				SYMROOT = "/Users/mucbuc/work/wgui/test/lib/oxygen/test/xc-build/build";
			};
			name = Debug;
		};
		1F333C548FC847E28CEDE965 /* Release */ = {
			isa = XCBuildConfiguration;
			buildSettings = {
				ALWAYS_SEARCH_USER_PATHS = NO;
				ARCHS = arm64;
				COMBINE_HIDPI_IMAGES = YES;
				GCC_GENERATE_DEBUGGING_SYMBOLS = YES;
				GCC_INLINES_ARE_PRIVATE_EXTERN = NO;
				GCC_OPTIMIZATION_LEVEL = 0;
				GCC_PREPROCESSOR_DEFINITIONS = ("'CMAKE_INTDIR=\"$(CONFIGURATION)$(EFFECTIVE_PLATFORM_NAME)\"'","$(inherited)");
				GCC_SYMBOLS_PRIVATE_EXTERN = NO;
				INSTALL_PATH = "";
				ONLY_ACTIVE_ARCH = NO;
				OTHER_LDFLAGS = ("","$(inherited)");
				OTHER_REZFLAGS = "";
				PRODUCT_NAME = ZERO_CHECK;
				SECTORDER_FLAGS = "";
				USE_HEADERMAP = NO;
				WARNING_CFLAGS = ("$(inherited)");
			};
			name = Release;
		};
		3A3EA38DD28F4DAEBE609416 /* RelWithDebInfo */ = {
			isa = XCBuildConfiguration;
			buildSettings = {
				ARCHS = arm64;
				MACOSX_DEPLOYMENT_TARGET = 14.5;
				SDKROOT = /Applications/Xcode.app/Contents/Developer/Platforms/MacOSX.platform/Developer/SDKs/MacOSX15.1.sdk;
				SWIFT_COMPILATION_MODE = wholemodule;
				SYMROOT = "/Users/mucbuc/work/wgui/test/lib/oxygen/test/xc-build/build";
			};
			name = RelWithDebInfo;
		};
		4825741C608342E6B7A11210 /* MinSizeRel */ = {
			isa = XCBuildConfiguration;
			buildSettings = {
				ARCHS = arm64;
				MACOSX_DEPLOYMENT_TARGET = 14.5;
				SDKROOT = /Applications/Xcode.app/Contents/Developer/Platforms/MacOSX.platform/Developer/SDKs/MacOSX15.1.sdk;
				SWIFT_COMPILATION_MODE = wholemodule;
				SYMROOT = "/Users/mucbuc/work/wgui/test/lib/oxygen/test/xc-build/build";
			};
			name = MinSizeRel;
		};
		57F3003AD642401582FDE90C /* RelWithDebInfo */ = {
			isa = XCBuildConfiguration;
			buildSettings = {
				ALWAYS_SEARCH_USER_PATHS = NO;
				ARCHS = arm64;
				COMBINE_HIDPI_IMAGES = YES;
				GCC_GENERATE_DEBUGGING_SYMBOLS = YES;
				GCC_INLINES_ARE_PRIVATE_EXTERN = NO;
				GCC_OPTIMIZATION_LEVEL = 0;
				GCC_PREPROCESSOR_DEFINITIONS = ("'CMAKE_INTDIR=\"$(CONFIGURATION)$(EFFECTIVE_PLATFORM_NAME)\"'","$(inherited)");
				GCC_SYMBOLS_PRIVATE_EXTERN = NO;
				INSTALL_PATH = "";
				ONLY_ACTIVE_ARCH = NO;
				OTHER_LDFLAGS = ("","$(inherited)");
				OTHER_REZFLAGS = "";
				PRODUCT_NAME = ALL_BUILD;
				SECTORDER_FLAGS = "";
				USE_HEADERMAP = NO;
				WARNING_CFLAGS = ("$(inherited)");
			};
			name = RelWithDebInfo;
		};
		67C83E108B024CE1A41086C7 /* RelWithDebInfo */ = {
			isa = XCBuildConfiguration;
			buildSettings = {
				ALWAYS_SEARCH_USER_PATHS = NO;
				ARCHS = arm64;
				COMBINE_HIDPI_IMAGES = YES;
				GCC_GENERATE_DEBUGGING_SYMBOLS = YES;
				GCC_INLINES_ARE_PRIVATE_EXTERN = NO;
				GCC_OPTIMIZATION_LEVEL = 0;
				GCC_PREPROCESSOR_DEFINITIONS = ("'CMAKE_INTDIR=\"$(CONFIGURATION)$(EFFECTIVE_PLATFORM_NAME)\"'","$(inherited)");
				GCC_SYMBOLS_PRIVATE_EXTERN = NO;
				INSTALL_PATH = "";
				ONLY_ACTIVE_ARCH = NO;
				OTHER_LDFLAGS = ("","$(inherited)");
				OTHER_REZFLAGS = "";
				PRODUCT_NAME = asserter;
				SECTORDER_FLAGS = "";
				USE_HEADERMAP = NO;
				WARNING_CFLAGS = ("$(inherited)");
			};
			name = RelWithDebInfo;
		};
		6EEBC47C9334445DAC396200 /* Debug */ = {
			isa = XCBuildConfiguration;
			buildSettings = {
				ALWAYS_SEARCH_USER_PATHS = NO;
				ARCHS = arm64;
				COMBINE_HIDPI_IMAGES = YES;
				GCC_GENERATE_DEBUGGING_SYMBOLS = YES;
				GCC_INLINES_ARE_PRIVATE_EXTERN = NO;
				GCC_OPTIMIZATION_LEVEL = 0;
				GCC_PREPROCESSOR_DEFINITIONS = ("'CMAKE_INTDIR=\"$(CONFIGURATION)$(EFFECTIVE_PLATFORM_NAME)\"'","$(inherited)");
				GCC_SYMBOLS_PRIVATE_EXTERN = NO;
				INSTALL_PATH = "";
				ONLY_ACTIVE_ARCH = NO;
				OTHER_LDFLAGS = ("","$(inherited)");
				OTHER_REZFLAGS = "";
				PRODUCT_NAME = ZERO_CHECK;
				SECTORDER_FLAGS = "";
				USE_HEADERMAP = NO;
				WARNING_CFLAGS = ("$(inherited)");
			};
			name = Debug;
		};
		780EE241958544A293699E73 /* Release */ = {
			isa = XCBuildConfiguration;
			buildSettings = {
				ARCHS = arm64;
				MACOSX_DEPLOYMENT_TARGET = 14.5;
				SDKROOT = /Applications/Xcode.app/Contents/Developer/Platforms/MacOSX.platform/Developer/SDKs/MacOSX15.1.sdk;
				SWIFT_COMPILATION_MODE = wholemodule;
				SYMROOT = "/Users/mucbuc/work/wgui/test/lib/oxygen/test/xc-build/build";
			};
			name = Release;
		};
		93A2D7AAB0344F44AE4B298C /* Debug */ = {
			isa = XCBuildConfiguration;
			buildSettings = {
				ALWAYS_SEARCH_USER_PATHS = NO;
				ARCHS = arm64;
				COMBINE_HIDPI_IMAGES = YES;
				GCC_GENERATE_DEBUGGING_SYMBOLS = YES;
				GCC_INLINES_ARE_PRIVATE_EXTERN = NO;
				GCC_OPTIMIZATION_LEVEL = 0;
				GCC_PREPROCESSOR_DEFINITIONS = ("'CMAKE_INTDIR=\"$(CONFIGURATION)$(EFFECTIVE_PLATFORM_NAME)\"'","$(inherited)");
				GCC_SYMBOLS_PRIVATE_EXTERN = NO;
				INSTALL_PATH = "";
				ONLY_ACTIVE_ARCH = NO;
				OTHER_LDFLAGS = ("","$(inherited)");
				OTHER_REZFLAGS = "";
				PRODUCT_NAME = asserter;
				SECTORDER_FLAGS = "";
				USE_HEADERMAP = NO;
				WARNING_CFLAGS = ("$(inherited)");
			};
			name = Debug;
		};
		A639BFA8F112497883F638F7 /* MinSizeRel */ = {
			isa = XCBuildConfiguration;
			buildSettings = {
				ALWAYS_SEARCH_USER_PATHS = NO;
				ARCHS = arm64;
				COMBINE_HIDPI_IMAGES = YES;
				GCC_GENERATE_DEBUGGING_SYMBOLS = YES;
				GCC_INLINES_ARE_PRIVATE_EXTERN = NO;
				GCC_OPTIMIZATION_LEVEL = 0;
				GCC_PREPROCESSOR_DEFINITIONS = ("'CMAKE_INTDIR=\"$(CONFIGURATION)$(EFFECTIVE_PLATFORM_NAME)\"'","$(inherited)");
				GCC_SYMBOLS_PRIVATE_EXTERN = NO;
				INSTALL_PATH = "";
				ONLY_ACTIVE_ARCH = NO;
				OTHER_LDFLAGS = ("","$(inherited)");
				OTHER_REZFLAGS = "";
				PRODUCT_NAME = ZERO_CHECK;
				SECTORDER_FLAGS = "";
				USE_HEADERMAP = NO;
				WARNING_CFLAGS = ("$(inherited)");
			};
			name = MinSizeRel;
		};
		BC5A4DD97705457CAE6FB01E /* MinSizeRel */ = {
			isa = XCBuildConfiguration;
			buildSettings = {
				ALWAYS_SEARCH_USER_PATHS = NO;
				ARCHS = arm64;
				COMBINE_HIDPI_IMAGES = YES;
				GCC_GENERATE_DEBUGGING_SYMBOLS = YES;
				GCC_INLINES_ARE_PRIVATE_EXTERN = NO;
				GCC_OPTIMIZATION_LEVEL = 0;
				GCC_PREPROCESSOR_DEFINITIONS = ("'CMAKE_INTDIR=\"$(CONFIGURATION)$(EFFECTIVE_PLATFORM_NAME)\"'","$(inherited)");
				GCC_SYMBOLS_PRIVATE_EXTERN = NO;
				INSTALL_PATH = "";
				ONLY_ACTIVE_ARCH = NO;
				OTHER_LDFLAGS = ("","$(inherited)");
				OTHER_REZFLAGS = "";
				PRODUCT_NAME = asserter;
				SECTORDER_FLAGS = "";
				USE_HEADERMAP = NO;
				WARNING_CFLAGS = ("$(inherited)");
			};
			name = MinSizeRel;
		};
		C855388F73214AAFA6E70BFC /* Release */ = {
			isa = XCBuildConfiguration;
			buildSettings = {
				ALWAYS_SEARCH_USER_PATHS = NO;
				ARCHS = arm64;
				COMBINE_HIDPI_IMAGES = YES;
				GCC_GENERATE_DEBUGGING_SYMBOLS = YES;
				GCC_INLINES_ARE_PRIVATE_EXTERN = NO;
				GCC_OPTIMIZATION_LEVEL = 0;
				GCC_PREPROCESSOR_DEFINITIONS = ("'CMAKE_INTDIR=\"$(CONFIGURATION)$(EFFECTIVE_PLATFORM_NAME)\"'","$(inherited)");
				GCC_SYMBOLS_PRIVATE_EXTERN = NO;
				INSTALL_PATH = "";
				ONLY_ACTIVE_ARCH = NO;
				OTHER_LDFLAGS = ("","$(inherited)");
				OTHER_REZFLAGS = "";
				PRODUCT_NAME = asserter;
				SECTORDER_FLAGS = "";
				USE_HEADERMAP = NO;
				WARNING_CFLAGS = ("$(inherited)");
			};
			name = Release;
		};
		CC20BE47D2734ECF99FE22C4 /* Debug */ = {
			isa = XCBuildConfiguration;
			buildSettings = {
				ALWAYS_SEARCH_USER_PATHS = NO;
				ARCHS = arm64;
				COMBINE_HIDPI_IMAGES = YES;
				GCC_GENERATE_DEBUGGING_SYMBOLS = YES;
				GCC_INLINES_ARE_PRIVATE_EXTERN = NO;
				GCC_OPTIMIZATION_LEVEL = 0;
				GCC_PREPROCESSOR_DEFINITIONS = ("'CMAKE_INTDIR=\"$(CONFIGURATION)$(EFFECTIVE_PLATFORM_NAME)\"'","$(inherited)");
				GCC_SYMBOLS_PRIVATE_EXTERN = NO;
				INSTALL_PATH = "";
				ONLY_ACTIVE_ARCH = NO;
				OTHER_LDFLAGS = ("","$(inherited)");
				OTHER_REZFLAGS = "";
				PRODUCT_NAME = ALL_BUILD;
				SECTORDER_FLAGS = "";
				USE_HEADERMAP = NO;
				WARNING_CFLAGS = ("$(inherited)");
			};
			name = Debug;
		};
		CCA4AD72927846DBB021712D /* RelWithDebInfo */ = {
			isa = XCBuildConfiguration;
			buildSettings = {
				ALWAYS_SEARCH_USER_PATHS = NO;
				ARCHS = arm64;
				COMBINE_HIDPI_IMAGES = YES;
				GCC_GENERATE_DEBUGGING_SYMBOLS = YES;
				GCC_INLINES_ARE_PRIVATE_EXTERN = NO;
				GCC_OPTIMIZATION_LEVEL = 0;
				GCC_PREPROCESSOR_DEFINITIONS = ("'CMAKE_INTDIR=\"$(CONFIGURATION)$(EFFECTIVE_PLATFORM_NAME)\"'","$(inherited)");
				GCC_SYMBOLS_PRIVATE_EXTERN = NO;
				INSTALL_PATH = "";
				ONLY_ACTIVE_ARCH = NO;
				OTHER_LDFLAGS = ("","$(inherited)");
				OTHER_REZFLAGS = "";
				PRODUCT_NAME = ZERO_CHECK;
				SECTORDER_FLAGS = "";
				USE_HEADERMAP = NO;
				WARNING_CFLAGS = ("$(inherited)");
			};
			name = RelWithDebInfo;
		};
		F894F346B7F6410EB026356C /* MinSizeRel */ = {
			isa = XCBuildConfiguration;
			buildSettings = {
				ALWAYS_SEARCH_USER_PATHS = NO;
				ARCHS = arm64;
				COMBINE_HIDPI_IMAGES = YES;
				GCC_GENERATE_DEBUGGING_SYMBOLS = YES;
				GCC_INLINES_ARE_PRIVATE_EXTERN = NO;
				GCC_OPTIMIZATION_LEVEL = 0;
				GCC_PREPROCESSOR_DEFINITIONS = ("'CMAKE_INTDIR=\"$(CONFIGURATION)$(EFFECTIVE_PLATFORM_NAME)\"'","$(inherited)");
				GCC_SYMBOLS_PRIVATE_EXTERN = NO;
				INSTALL_PATH = "";
				ONLY_ACTIVE_ARCH = NO;
				OTHER_LDFLAGS = ("","$(inherited)");
				OTHER_REZFLAGS = "";
				PRODUCT_NAME = ALL_BUILD;
				SECTORDER_FLAGS = "";
				USE_HEADERMAP = NO;
				WARNING_CFLAGS = ("$(inherited)");
			};
			name = MinSizeRel;
		};
		FB7667F5FBE3430C8A2F9208 /* Release */ = {
			isa = XCBuildConfiguration;
			buildSettings = {
				ALWAYS_SEARCH_USER_PATHS = NO;
				ARCHS = arm64;
				COMBINE_HIDPI_IMAGES = YES;
				GCC_GENERATE_DEBUGGING_SYMBOLS = YES;
				GCC_INLINES_ARE_PRIVATE_EXTERN = NO;
				GCC_OPTIMIZATION_LEVEL = 0;
				GCC_PREPROCESSOR_DEFINITIONS = ("'CMAKE_INTDIR=\"$(CONFIGURATION)$(EFFECTIVE_PLATFORM_NAME)\"'","$(inherited)");
				GCC_SYMBOLS_PRIVATE_EXTERN = NO;
				INSTALL_PATH = "";
				ONLY_ACTIVE_ARCH = NO;
				OTHER_LDFLAGS = ("","$(inherited)");
				OTHER_REZFLAGS = "";
				PRODUCT_NAME = ALL_BUILD;
				SECTORDER_FLAGS = "";
				USE_HEADERMAP = NO;
				WARNING_CFLAGS = ("$(inherited)");
			};
			name = Release;
		};
/* End XCBuildConfiguration section */

/* Begin XCConfigurationList section */
		213A1371C3DF404B8A6DDF02 /* Build configuration list for PBXProject "asserter" */ = {
			isa = XCConfigurationList;
			buildConfigurations = (
				1A5751754E824BEAAA186C37 /* Debug */,
				780EE241958544A293699E73 /* Release */,
				4825741C608342E6B7A11210 /* MinSizeRel */,
				3A3EA38DD28F4DAEBE609416 /* RelWithDebInfo */,
			);
			defaultConfigurationIsVisible = 0;
			defaultConfigurationName = Debug;
		};
		3CB2EBD919C14AF798D3CB7E /* Build configuration list for PBXAggregateTarget "ZERO_CHECK" */ = {
			isa = XCConfigurationList;
			buildConfigurations = (
				6EEBC47C9334445DAC396200 /* Debug */,
				1F333C548FC847E28CEDE965 /* Release */,
				A639BFA8F112497883F638F7 /* MinSizeRel */,
				CCA4AD72927846DBB021712D /* RelWithDebInfo */,
			);
			defaultConfigurationIsVisible = 0;
			defaultConfigurationName = Debug;
		};
		639D6DE9615741788C672835 /* Build configuration list for PBXAggregateTarget "ALL_BUILD" */ = {
			isa = XCConfigurationList;
			buildConfigurations = (
				CC20BE47D2734ECF99FE22C4 /* Debug */,
				FB7667F5FBE3430C8A2F9208 /* Release */,
				F894F346B7F6410EB026356C /* MinSizeRel */,
				57F3003AD642401582FDE90C /* RelWithDebInfo */,
			);
			defaultConfigurationIsVisible = 0;
			defaultConfigurationName = Debug;
		};
		7071FC4978214713B23ED2C7 /* Build configuration list for PBXAggregateTarget "asserter" */ = {
			isa = XCConfigurationList;
			buildConfigurations = (
				93A2D7AAB0344F44AE4B298C /* Debug */,
				C855388F73214AAFA6E70BFC /* Release */,
				BC5A4DD97705457CAE6FB01E /* MinSizeRel */,
				67C83E108B024CE1A41086C7 /* RelWithDebInfo */,
			);
			defaultConfigurationIsVisible = 0;
			defaultConfigurationName = Debug;
		};
/* End XCConfigurationList section */
	};
	rootObject = 333806EBEAFF4EA18AA3DF41 /* Project object */;
}
